{
  "requires": true,
  "lockfileVersion": 1,
  "dependencies": {
    "jquery": {
      "version": "3.4.1",
      "resolved": "https://registry.npmjs.org/jquery/-/jquery-3.4.1.tgz",
      "integrity": "sha512-36+AdBzCL+y6qjw5Tx7HgzeGCzC81MDDgaUP8ld2zhx58HdqXGoBd+tHdrBMiyjGQs0Hxs/MLZTu/eHNJJuWPw=="
    },
    "jsfile": {
      "version": "0.1.17",
      "resolved": "https://registry.npmjs.org/jsfile/-/jsfile-0.1.17.tgz",
      "integrity": "sha1-lFSoNQhCxvxcBmEdqbzVB5QX1Xw=",
      "requires": {
        "jstask": "^1.0.2"
      }
    },
    "jstask": {
      "version": "1.0.3",
      "resolved": "https://registry.npmjs.org/jstask/-/jstask-1.0.3.tgz",
      "integrity": "sha1-FdMGnDRjvnWrPgnlt1gMEdA74ow="
    }
  }
}
